
Microsoft Visual Studio Solution File, Format Version 12.00
# Visual Studio Version 17
VisualStudioVersion = 17.13.35919.96
MinimumVisualStudioVersion = 10.0.40219.1
Project("{FAE04EC0-301F-11D3-BF4B-00C04F79EFBC}") = "TypeRush_Final", "TypeRush_Final.csproj", "{74C8F68A-4EC0-4471-A19F-CA5AB103691F}"
EndProject
Global
	GlobalSection(SolutionConfigurationPlatforms) = preSolution
		Debug|Any CPU = Debug|Any CPU
		Release|Any CPU = Release|Any CPU
	EndGlobalSection
	GlobalSection(ProjectConfigurationPlatforms) = postSolution
		{74C8F68A-4EC0-4471-A19F-CA5AB103691F}.Debug|Any CPU.ActiveCfg = Debug|Any CPU
		{74C8F68A-4EC0-4471-A19F-CA5AB103691F}.Debug|Any CPU.Build.0 = Debug|Any CPU
		{74C8F68A-4EC0-4471-A19F-CA5AB103691F}.Release|Any CPU.ActiveCfg = Release|Any CPU
		{74C8F68A-4EC0-4471-A19F-CA5AB103691F}.Release|Any CPU.Build.0 = Release|Any CPU
	EndGlobalSection
	GlobalSection(SolutionProperties) = preSolution
		HideSolutionNode = FALSE
	EndGlobalSection
	GlobalSection(ExtensibilityGlobals) = postSolution
		SolutionGuid = {4F000EEC-5371-4FF7-9D10-AC36BD442ED1}
	EndGlobalSection
EndGlobal
